// !$*UTF8*$!
{
	archiveVersion = 1;
	classes = {
	};
	objectVersion = 48;
	objects = {

/* Begin PBXBuildFile section */
		16B564FC1FE8A78500195C6B /* CardSearchViewController.swift in Sources */ = {isa = PBXBuildFile; fileRef = 16B564FB1FE8A78500195C6B /* CardSearchViewController.swift */; };
		16F4A3B81FE3595200697A9F /* CharaNameCell.xib in Resources */ = {isa = PBXBuildFile; fileRef = 16F4A3B71FE3595200697A9F /* CharaNameCell.xib */; };
		16F4A3BA1FE35B3A00697A9F /* CharaNameCell.swift in Sources */ = {isa = PBXBuildFile; fileRef = 16F4A3B91FE35B3A00697A9F /* CharaNameCell.swift */; };
		16F4A3BD1FE35F1100697A9F /* R.generated.swift in Sources */ = {isa = PBXBuildFile; fileRef = 16F4A3BC1FE35F1000697A9F /* R.generated.swift */; };
		16F4A3BF1FE36AAC00697A9F /* CardCell.swift in Sources */ = {isa = PBXBuildFile; fileRef = 16F4A3BE1FE36AAC00697A9F /* CardCell.swift */; };
		16F4A3C11FE36ABF00697A9F /* CardCell.xib in Resources */ = {isa = PBXBuildFile; fileRef = 16F4A3C01FE36ABF00697A9F /* CardCell.xib */; };
		16F4A3C31FE36C8A00697A9F /* CardStruct.swift in Sources */ = {isa = PBXBuildFile; fileRef = 16F4A3C21FE36C8A00697A9F /* CardStruct.swift */; };
		16F4A3C51FE36CA300697A9F /* Enum.swift in Sources */ = {isa = PBXBuildFile; fileRef = 16F4A3C41FE36CA300697A9F /* Enum.swift */; };
		16F4A3C81FE36FAC00697A9F /* CardListViewController.swift in Sources */ = {isa = PBXBuildFile; fileRef = 16F4A3C71FE36FAC00697A9F /* CardListViewController.swift */; };
		16F4A3CA1FE3935E00697A9F /* CardImageViewController.swift in Sources */ = {isa = PBXBuildFile; fileRef = 16F4A3C91FE3935E00697A9F /* CardImageViewController.swift */; };
		18DE4252342DE885AB144061 /* Pods_FallenCherryBlossomTests.framework in Frameworks */ = {isa = PBXBuildFile; fileRef = 530E9F20662A4C51C408137D /* Pods_FallenCherryBlossomTests.framework */; };
		614C2CC3F565FED7E7575B55 /* Pods_FallenCherryBlossom.framework in Frameworks */ = {isa = PBXBuildFile; fileRef = 80B352DE26E231A20B34FAE0 /* Pods_FallenCherryBlossom.framework */; };
		6A11B2051FE64318009A4024 /* cards.json in Resources */ = {isa = PBXBuildFile; fileRef = 6A11B2041FE64318009A4024 /* cards.json */; };
		6A894F271FE2E55800707521 /* AppDelegate.swift in Sources */ = {isa = PBXBuildFile; fileRef = 6A894F261FE2E55800707521 /* AppDelegate.swift */; };
		6A894F2C1FE2E55800707521 /* Main.storyboard in Resources */ = {isa = PBXBuildFile; fileRef = 6A894F2A1FE2E55800707521 /* Main.storyboard */; };
		6A894F2E1FE2E55800707521 /* Assets.xcassets in Resources */ = {isa = PBXBuildFile; fileRef = 6A894F2D1FE2E55800707521 /* Assets.xcassets */; };
		6A894F311FE2E55800707521 /* LaunchScreen.storyboard in Resources */ = {isa = PBXBuildFile; fileRef = 6A894F2F1FE2E55800707521 /* LaunchScreen.storyboard */; };
		6A894F3C1FE2E55800707521 /* FallenCherryBlossomTests.swift in Sources */ = {isa = PBXBuildFile; fileRef = 6A894F3B1FE2E55800707521 /* FallenCherryBlossomTests.swift */; };
		6A894F471FE2E55800707521 /* FallenCherryBlossomUITests.swift in Sources */ = {isa = PBXBuildFile; fileRef = 6A894F461FE2E55800707521 /* FallenCherryBlossomUITests.swift */; };
		6A894F551FE2E5D100707521 /* MainListViewController.swift in Sources */ = {isa = PBXBuildFile; fileRef = 6A894F541FE2E5D100707521 /* MainListViewController.swift */; };
		A5689852620D464CFB2FD56A /* Pods_FallenCherryBlossomUITests.framework in Frameworks */ = {isa = PBXBuildFile; fileRef = 203C8BF796B9E4CBC66DA846 /* Pods_FallenCherryBlossomUITests.framework */; };
/* End PBXBuildFile section */

/* Begin PBXContainerItemProxy section */
		6A894F381FE2E55800707521 /* PBXContainerItemProxy */ = {
			isa = PBXContainerItemProxy;
			containerPortal = 6A894F1B1FE2E55800707521 /* Project object */;
			proxyType = 1;
			remoteGlobalIDString = 6A894F221FE2E55800707521;
			remoteInfo = FallenCherryBlossom;
		};
		6A894F431FE2E55800707521 /* PBXContainerItemProxy */ = {
			isa = PBXContainerItemProxy;
			containerPortal = 6A894F1B1FE2E55800707521 /* Project object */;
			proxyType = 1;
			remoteGlobalIDString = 6A894F221FE2E55800707521;
			remoteInfo = FallenCherryBlossom;
		};
/* End PBXContainerItemProxy section */

/* Begin PBXFileReference section */
		16B564FB1FE8A78500195C6B /* CardSearchViewController.swift */ = {isa = PBXFileReference; lastKnownFileType = sourcecode.swift; path = CardSearchViewController.swift; sourceTree = "<group>"; };
		16F4A3B71FE3595200697A9F /* CharaNameCell.xib */ = {isa = PBXFileReference; lastKnownFileType = file.xib; path = CharaNameCell.xib; sourceTree = "<group>"; };
		16F4A3B91FE35B3A00697A9F /* CharaNameCell.swift */ = {isa = PBXFileReference; lastKnownFileType = sourcecode.swift; path = CharaNameCell.swift; sourceTree = "<group>"; };
		16F4A3BC1FE35F1000697A9F /* R.generated.swift */ = {isa = PBXFileReference; fileEncoding = 4; lastKnownFileType = sourcecode.swift; path = R.generated.swift; sourceTree = SOURCE_ROOT; };
		16F4A3BE1FE36AAC00697A9F /* CardCell.swift */ = {isa = PBXFileReference; lastKnownFileType = sourcecode.swift; path = CardCell.swift; sourceTree = "<group>"; };
		16F4A3C01FE36ABF00697A9F /* CardCell.xib */ = {isa = PBXFileReference; lastKnownFileType = file.xib; path = CardCell.xib; sourceTree = "<group>"; };
		16F4A3C21FE36C8A00697A9F /* CardStruct.swift */ = {isa = PBXFileReference; lastKnownFileType = sourcecode.swift; path = CardStruct.swift; sourceTree = "<group>"; };
		16F4A3C41FE36CA300697A9F /* Enum.swift */ = {isa = PBXFileReference; lastKnownFileType = sourcecode.swift; path = Enum.swift; sourceTree = "<group>"; };
		16F4A3C71FE36FAC00697A9F /* CardListViewController.swift */ = {isa = PBXFileReference; lastKnownFileType = sourcecode.swift; path = CardListViewController.swift; sourceTree = "<group>"; };
		16F4A3C91FE3935E00697A9F /* CardImageViewController.swift */ = {isa = PBXFileReference; lastKnownFileType = sourcecode.swift; path = CardImageViewController.swift; sourceTree = "<group>"; };
		203C8BF796B9E4CBC66DA846 /* Pods_FallenCherryBlossomUITests.framework */ = {isa = PBXFileReference; explicitFileType = wrapper.framework; includeInIndex = 0; path = Pods_FallenCherryBlossomUITests.framework; sourceTree = BUILT_PRODUCTS_DIR; };
		41CCB808B8D786269EAF71EC /* Pods-FallenCherryBlossomTests.debug.xcconfig */ = {isa = PBXFileReference; includeInIndex = 1; lastKnownFileType = text.xcconfig; name = "Pods-FallenCherryBlossomTests.debug.xcconfig"; path = "Pods/Target Support Files/Pods-FallenCherryBlossomTests/Pods-FallenCherryBlossomTests.debug.xcconfig"; sourceTree = "<group>"; };
		493D226735BFB75F7325E397 /* Pods-FallenCherryBlossomUITests.debug.xcconfig */ = {isa = PBXFileReference; includeInIndex = 1; lastKnownFileType = text.xcconfig; name = "Pods-FallenCherryBlossomUITests.debug.xcconfig"; path = "Pods/Target Support Files/Pods-FallenCherryBlossomUITests/Pods-FallenCherryBlossomUITests.debug.xcconfig"; sourceTree = "<group>"; };
		530E9F20662A4C51C408137D /* Pods_FallenCherryBlossomTests.framework */ = {isa = PBXFileReference; explicitFileType = wrapper.framework; includeInIndex = 0; path = Pods_FallenCherryBlossomTests.framework; sourceTree = BUILT_PRODUCTS_DIR; };
		5BB1DF479499F651C48B90E6 /* Pods-FallenCherryBlossom.release.xcconfig */ = {isa = PBXFileReference; includeInIndex = 1; lastKnownFileType = text.xcconfig; name = "Pods-FallenCherryBlossom.release.xcconfig"; path = "Pods/Target Support Files/Pods-FallenCherryBlossom/Pods-FallenCherryBlossom.release.xcconfig"; sourceTree = "<group>"; };
		6A11B2041FE64318009A4024 /* cards.json */ = {isa = PBXFileReference; fileEncoding = 4; lastKnownFileType = text.json; path = cards.json; sourceTree = "<group>"; };
		6A894F231FE2E55800707521 /* FallenCherryBlossom.app */ = {isa = PBXFileReference; explicitFileType = wrapper.application; includeInIndex = 0; path = FallenCherryBlossom.app; sourceTree = BUILT_PRODUCTS_DIR; };
		6A894F261FE2E55800707521 /* AppDelegate.swift */ = {isa = PBXFileReference; lastKnownFileType = sourcecode.swift; path = AppDelegate.swift; sourceTree = "<group>"; };
		6A894F2B1FE2E55800707521 /* Base */ = {isa = PBXFileReference; lastKnownFileType = file.storyboard; name = Base; path = Base.lproj/Main.storyboard; sourceTree = "<group>"; };
		6A894F2D1FE2E55800707521 /* Assets.xcassets */ = {isa = PBXFileReference; lastKnownFileType = folder.assetcatalog; path = Assets.xcassets; sourceTree = "<group>"; };
		6A894F301FE2E55800707521 /* Base */ = {isa = PBXFileReference; lastKnownFileType = file.storyboard; name = Base; path = Base.lproj/LaunchScreen.storyboard; sourceTree = "<group>"; };
		6A894F321FE2E55800707521 /* Info.plist */ = {isa = PBXFileReference; lastKnownFileType = text.plist.xml; path = Info.plist; sourceTree = "<group>"; };
		6A894F371FE2E55800707521 /* FallenCherryBlossomTests.xctest */ = {isa = PBXFileReference; explicitFileType = wrapper.cfbundle; includeInIndex = 0; path = FallenCherryBlossomTests.xctest; sourceTree = BUILT_PRODUCTS_DIR; };
		6A894F3B1FE2E55800707521 /* FallenCherryBlossomTests.swift */ = {isa = PBXFileReference; lastKnownFileType = sourcecode.swift; path = FallenCherryBlossomTests.swift; sourceTree = "<group>"; };
		6A894F3D1FE2E55800707521 /* Info.plist */ = {isa = PBXFileReference; lastKnownFileType = text.plist.xml; path = Info.plist; sourceTree = "<group>"; };
		6A894F421FE2E55800707521 /* FallenCherryBlossomUITests.xctest */ = {isa = PBXFileReference; explicitFileType = wrapper.cfbundle; includeInIndex = 0; path = FallenCherryBlossomUITests.xctest; sourceTree = BUILT_PRODUCTS_DIR; };
		6A894F461FE2E55800707521 /* FallenCherryBlossomUITests.swift */ = {isa = PBXFileReference; lastKnownFileType = sourcecode.swift; path = FallenCherryBlossomUITests.swift; sourceTree = "<group>"; };
		6A894F481FE2E55800707521 /* Info.plist */ = {isa = PBXFileReference; lastKnownFileType = text.plist.xml; path = Info.plist; sourceTree = "<group>"; };
		6A894F541FE2E5D100707521 /* MainListViewController.swift */ = {isa = PBXFileReference; lastKnownFileType = sourcecode.swift; path = MainListViewController.swift; sourceTree = "<group>"; };
		80B352DE26E231A20B34FAE0 /* Pods_FallenCherryBlossom.framework */ = {isa = PBXFileReference; explicitFileType = wrapper.framework; includeInIndex = 0; path = Pods_FallenCherryBlossom.framework; sourceTree = BUILT_PRODUCTS_DIR; };
		849F1C1F3097959AE1A7164D /* Pods-FallenCherryBlossomUITests.release.xcconfig */ = {isa = PBXFileReference; includeInIndex = 1; lastKnownFileType = text.xcconfig; name = "Pods-FallenCherryBlossomUITests.release.xcconfig"; path = "Pods/Target Support Files/Pods-FallenCherryBlossomUITests/Pods-FallenCherryBlossomUITests.release.xcconfig"; sourceTree = "<group>"; };
		F26C3C7737929DF366D6912F /* Pods-FallenCherryBlossomTests.release.xcconfig */ = {isa = PBXFileReference; includeInIndex = 1; lastKnownFileType = text.xcconfig; name = "Pods-FallenCherryBlossomTests.release.xcconfig"; path = "Pods/Target Support Files/Pods-FallenCherryBlossomTests/Pods-FallenCherryBlossomTests.release.xcconfig"; sourceTree = "<group>"; };
		FCE3AA87AF8E9911AEEA694A /* Pods-FallenCherryBlossom.debug.xcconfig */ = {isa = PBXFileReference; includeInIndex = 1; lastKnownFileType = text.xcconfig; name = "Pods-FallenCherryBlossom.debug.xcconfig"; path = "Pods/Target Support Files/Pods-FallenCherryBlossom/Pods-FallenCherryBlossom.debug.xcconfig"; sourceTree = "<group>"; };
/* End PBXFileReference section */

/* Begin PBXFrameworksBuildPhase section */
		6A894F201FE2E55800707521 /* Frameworks */ = {
			isa = PBXFrameworksBuildPhase;
			buildActionMask = 2147483647;
			files = (
				614C2CC3F565FED7E7575B55 /* Pods_FallenCherryBlossom.framework in Frameworks */,
			);
			runOnlyForDeploymentPostprocessing = 0;
		};
		6A894F341FE2E55800707521 /* Frameworks */ = {
			isa = PBXFrameworksBuildPhase;
			buildActionMask = 2147483647;
			files = (
				18DE4252342DE885AB144061 /* Pods_FallenCherryBlossomTests.framework in Frameworks */,
			);
			runOnlyForDeploymentPostprocessing = 0;
		};
		6A894F3F1FE2E55800707521 /* Frameworks */ = {
			isa = PBXFrameworksBuildPhase;
			buildActionMask = 2147483647;
			files = (
				A5689852620D464CFB2FD56A /* Pods_FallenCherryBlossomUITests.framework in Frameworks */,
			);
			runOnlyForDeploymentPostprocessing = 0;
		};
/* End PBXFrameworksBuildPhase section */

/* Begin PBXGroup section */
		16F4A3B61FE358B000697A9F /* CustomCell */ = {
			isa = PBXGroup;
			children = (
				16F4A3B71FE3595200697A9F /* CharaNameCell.xib */,
				16F4A3B91FE35B3A00697A9F /* CharaNameCell.swift */,
				16F4A3C01FE36ABF00697A9F /* CardCell.xib */,
				16F4A3BE1FE36AAC00697A9F /* CardCell.swift */,
			);
			path = CustomCell;
			sourceTree = "<group>";
		};
		16F4A3C61FE36F9200697A9F /* ViewController */ = {
			isa = PBXGroup;
			children = (
				6A894F541FE2E5D100707521 /* MainListViewController.swift */,
				16F4A3C71FE36FAC00697A9F /* CardListViewController.swift */,
				16F4A3C91FE3935E00697A9F /* CardImageViewController.swift */,
				16B564FB1FE8A78500195C6B /* CardSearchViewController.swift */,
			);
			path = ViewController;
			sourceTree = "<group>";
		};
		6A894F1A1FE2E55800707521 = {
			isa = PBXGroup;
			children = (
				6A894F251FE2E55800707521 /* FallenCherryBlossom */,
				6A894F3A1FE2E55800707521 /* FallenCherryBlossomTests */,
				6A894F451FE2E55800707521 /* FallenCherryBlossomUITests */,
				6A894F241FE2E55800707521 /* Products */,
				F2FB83464559E44910CE0FF3 /* Pods */,
				EC079778AC6C732D47E8A706 /* Frameworks */,
			);
			sourceTree = "<group>";
		};
		6A894F241FE2E55800707521 /* Products */ = {
			isa = PBXGroup;
			children = (
				6A894F231FE2E55800707521 /* FallenCherryBlossom.app */,
				6A894F371FE2E55800707521 /* FallenCherryBlossomTests.xctest */,
				6A894F421FE2E55800707521 /* FallenCherryBlossomUITests.xctest */,
			);
			name = Products;
			sourceTree = "<group>";
		};
		6A894F251FE2E55800707521 /* FallenCherryBlossom */ = {
			isa = PBXGroup;
			children = (
				16F4A3BC1FE35F1000697A9F /* R.generated.swift */,
				6A894F261FE2E55800707521 /* AppDelegate.swift */,
				16F4A3B61FE358B000697A9F /* CustomCell */,
				16F4A3C61FE36F9200697A9F /* ViewController */,
				16F4A3C21FE36C8A00697A9F /* CardStruct.swift */,
				16F4A3C41FE36CA300697A9F /* Enum.swift */,
				6A894F2A1FE2E55800707521 /* Main.storyboard */,
				6A11B2041FE64318009A4024 /* cards.json */,
				6A894F2D1FE2E55800707521 /* Assets.xcassets */,
				6A894F2F1FE2E55800707521 /* LaunchScreen.storyboard */,
				6A894F321FE2E55800707521 /* Info.plist */,
			);
			path = FallenCherryBlossom;
			sourceTree = "<group>";
		};
		6A894F3A1FE2E55800707521 /* FallenCherryBlossomTests */ = {
			isa = PBXGroup;
			children = (
				6A894F3B1FE2E55800707521 /* FallenCherryBlossomTests.swift */,
				6A894F3D1FE2E55800707521 /* Info.plist */,
			);
			path = FallenCherryBlossomTests;
			sourceTree = "<group>";
		};
		6A894F451FE2E55800707521 /* FallenCherryBlossomUITests */ = {
			isa = PBXGroup;
			children = (
				6A894F461FE2E55800707521 /* FallenCherryBlossomUITests.swift */,
				6A894F481FE2E55800707521 /* Info.plist */,
			);
			path = FallenCherryBlossomUITests;
			sourceTree = "<group>";
		};
		EC079778AC6C732D47E8A706 /* Frameworks */ = {
			isa = PBXGroup;
			children = (
				80B352DE26E231A20B34FAE0 /* Pods_FallenCherryBlossom.framework */,
				530E9F20662A4C51C408137D /* Pods_FallenCherryBlossomTests.framework */,
				203C8BF796B9E4CBC66DA846 /* Pods_FallenCherryBlossomUITests.framework */,
			);
			name = Frameworks;
			sourceTree = "<group>";
		};
		F2FB83464559E44910CE0FF3 /* Pods */ = {
			isa = PBXGroup;
			children = (
				FCE3AA87AF8E9911AEEA694A /* Pods-FallenCherryBlossom.debug.xcconfig */,
				5BB1DF479499F651C48B90E6 /* Pods-FallenCherryBlossom.release.xcconfig */,
				41CCB808B8D786269EAF71EC /* Pods-FallenCherryBlossomTests.debug.xcconfig */,
				F26C3C7737929DF366D6912F /* Pods-FallenCherryBlossomTests.release.xcconfig */,
				493D226735BFB75F7325E397 /* Pods-FallenCherryBlossomUITests.debug.xcconfig */,
				849F1C1F3097959AE1A7164D /* Pods-FallenCherryBlossomUITests.release.xcconfig */,
			);
			name = Pods;
			sourceTree = "<group>";
		};
/* End PBXGroup section */

/* Begin PBXNativeTarget section */
		6A894F221FE2E55800707521 /* FallenCherryBlossom */ = {
			isa = PBXNativeTarget;
			buildConfigurationList = 6A894F4B1FE2E55800707521 /* Build configuration list for PBXNativeTarget "FallenCherryBlossom" */;
			buildPhases = (
				A3F4A9C49B845E7386D3D8BB /* [CP] Check Pods Manifest.lock */,
				16F4A3BB1FE35E5900697A9F /* R.swfit */,
				6A894F1F1FE2E55800707521 /* Sources */,
				6A894F201FE2E55800707521 /* Frameworks */,
				6A894F211FE2E55800707521 /* Resources */,
				02014EB4F293DCD42A584254 /* [CP] Embed Pods Frameworks */,
				9B6E817D935A37F2F2F489B3 /* [CP] Copy Pods Resources */,
			);
			buildRules = (
			);
			dependencies = (
			);
			name = FallenCherryBlossom;
			productName = FallenCherryBlossom;
			productReference = 6A894F231FE2E55800707521 /* FallenCherryBlossom.app */;
			productType = "com.apple.product-type.application";
		};
		6A894F361FE2E55800707521 /* FallenCherryBlossomTests */ = {
			isa = PBXNativeTarget;
			buildConfigurationList = 6A894F4E1FE2E55800707521 /* Build configuration list for PBXNativeTarget "FallenCherryBlossomTests" */;
			buildPhases = (
				981DE75CAC5282CE00535226 /* [CP] Check Pods Manifest.lock */,
				6A894F331FE2E55800707521 /* Sources */,
				6A894F341FE2E55800707521 /* Frameworks */,
				6A894F351FE2E55800707521 /* Resources */,
				38CE411D52AC51C07D8CCDB3 /* [CP] Embed Pods Frameworks */,
				B0D70BD644C87616173590E3 /* [CP] Copy Pods Resources */,
			);
			buildRules = (
			);
			dependencies = (
				6A894F391FE2E55800707521 /* PBXTargetDependency */,
			);
			name = FallenCherryBlossomTests;
			productName = FallenCherryBlossomTests;
			productReference = 6A894F371FE2E55800707521 /* FallenCherryBlossomTests.xctest */;
			productType = "com.apple.product-type.bundle.unit-test";
		};
		6A894F411FE2E55800707521 /* FallenCherryBlossomUITests */ = {
			isa = PBXNativeTarget;
			buildConfigurationList = 6A894F511FE2E55800707521 /* Build configuration list for PBXNativeTarget "FallenCherryBlossomUITests" */;
			buildPhases = (
				2CB86B2BA5880767AD9F0E07 /* [CP] Check Pods Manifest.lock */,
				6A894F3E1FE2E55800707521 /* Sources */,
				6A894F3F1FE2E55800707521 /* Frameworks */,
				6A894F401FE2E55800707521 /* Resources */,
				ED253E345500A7E758FD48E3 /* [CP] Embed Pods Frameworks */,
				06556CC87B92DD1C81B89178 /* [CP] Copy Pods Resources */,
			);
			buildRules = (
			);
			dependencies = (
				6A894F441FE2E55800707521 /* PBXTargetDependency */,
			);
			name = FallenCherryBlossomUITests;
			productName = FallenCherryBlossomUITests;
			productReference = 6A894F421FE2E55800707521 /* FallenCherryBlossomUITests.xctest */;
			productType = "com.apple.product-type.bundle.ui-testing";
		};
/* End PBXNativeTarget section */

/* Begin PBXProject section */
		6A894F1B1FE2E55800707521 /* Project object */ = {
			isa = PBXProject;
			attributes = {
				LastSwiftUpdateCheck = 0920;
				LastUpgradeCheck = 0920;
				ORGANIZATIONNAME = Nivis;
				TargetAttributes = {
					6A894F221FE2E55800707521 = {
						CreatedOnToolsVersion = 9.2;
						ProvisioningStyle = Automatic;
					};
					6A894F361FE2E55800707521 = {
						CreatedOnToolsVersion = 9.2;
						ProvisioningStyle = Automatic;
						TestTargetID = 6A894F221FE2E55800707521;
					};
					6A894F411FE2E55800707521 = {
						CreatedOnToolsVersion = 9.2;
						ProvisioningStyle = Automatic;
						TestTargetID = 6A894F221FE2E55800707521;
					};
				};
			};
			buildConfigurationList = 6A894F1E1FE2E55800707521 /* Build configuration list for PBXProject "FallenCherryBlossom" */;
			compatibilityVersion = "Xcode 8.0";
			developmentRegion = en;
			hasScannedForEncodings = 0;
			knownRegions = (
				en,
				Base,
			);
			mainGroup = 6A894F1A1FE2E55800707521;
			productRefGroup = 6A894F241FE2E55800707521 /* Products */;
			projectDirPath = "";
			projectRoot = "";
			targets = (
				6A894F221FE2E55800707521 /* FallenCherryBlossom */,
				6A894F361FE2E55800707521 /* FallenCherryBlossomTests */,
				6A894F411FE2E55800707521 /* FallenCherryBlossomUITests */,
			);
		};
/* End PBXProject section */

/* Begin PBXResourcesBuildPhase section */
		6A894F211FE2E55800707521 /* Resources */ = {
			isa = PBXResourcesBuildPhase;
			buildActionMask = 2147483647;
			files = (
				6A894F311FE2E55800707521 /* LaunchScreen.storyboard in Resources */,
				6A11B2051FE64318009A4024 /* cards.json in Resources */,
				6A894F2E1FE2E55800707521 /* Assets.xcassets in Resources */,
				16F4A3C11FE36ABF00697A9F /* CardCell.xib in Resources */,
				16F4A3B81FE3595200697A9F /* CharaNameCell.xib in Resources */,
				6A894F2C1FE2E55800707521 /* Main.storyboard in Resources */,
			);
			runOnlyForDeploymentPostprocessing = 0;
		};
		6A894F351FE2E55800707521 /* Resources */ = {
			isa = PBXResourcesBuildPhase;
			buildActionMask = 2147483647;
			files = (
			);
			runOnlyForDeploymentPostprocessing = 0;
		};
		6A894F401FE2E55800707521 /* Resources */ = {
			isa = PBXResourcesBuildPhase;
			buildActionMask = 2147483647;
			files = (
			);
			runOnlyForDeploymentPostprocessing = 0;
		};
/* End PBXResourcesBuildPhase section */

/* Begin PBXShellScriptBuildPhase section */
		02014EB4F293DCD42A584254 /* [CP] Embed Pods Frameworks */ = {
			isa = PBXShellScriptBuildPhase;
			buildActionMask = 2147483647;
			files = (
			);
			inputPaths = (
				"${SRCROOT}/Pods/Target Support Files/Pods-FallenCherryBlossom/Pods-FallenCherryBlossom-frameworks.sh",
				"${BUILT_PRODUCTS_DIR}/R.swift.Library/Rswift.framework",
			);
			name = "[CP] Embed Pods Frameworks";
			outputPaths = (
				"${TARGET_BUILD_DIR}/${FRAMEWORKS_FOLDER_PATH}/Rswift.framework",
			);
			runOnlyForDeploymentPostprocessing = 0;
			shellPath = /bin/sh;
			shellScript = "\"${SRCROOT}/Pods/Target Support Files/Pods-FallenCherryBlossom/Pods-FallenCherryBlossom-frameworks.sh\"\n";
			showEnvVarsInLog = 0;
		};
		06556CC87B92DD1C81B89178 /* [CP] Copy Pods Resources */ = {
			isa = PBXShellScriptBuildPhase;
			buildActionMask = 2147483647;
			files = (
			);
			inputPaths = (
			);
			name = "[CP] Copy Pods Resources";
			outputPaths = (
			);
			runOnlyForDeploymentPostprocessing = 0;
			shellPath = /bin/sh;
			shellScript = "\"${SRCROOT}/Pods/Target Support Files/Pods-FallenCherryBlossomUITests/Pods-FallenCherryBlossomUITests-resources.sh\"\n";
			showEnvVarsInLog = 0;
		};
		16F4A3BB1FE35E5900697A9F /* R.swfit */ = {
			isa = PBXShellScriptBuildPhase;
			buildActionMask = 2147483647;
			files = (
			);
			inputPaths = (
			);
			name = R.swfit;
			outputPaths = (
			);
			runOnlyForDeploymentPostprocessing = 0;
			shellPath = /bin/sh;
			shellScript = "\"$PODS_ROOT/R.swift/rswift\" generate \"$SRCROOT\"";
		};
		2CB86B2BA5880767AD9F0E07 /* [CP] Check Pods Manifest.lock */ = {
			isa = PBXShellScriptBuildPhase;
			buildActionMask = 2147483647;
			files = (
			);
			inputPaths = (
				"${PODS_PODFILE_DIR_PATH}/Podfile.lock",
				"${PODS_ROOT}/Manifest.lock",
			);
			name = "[CP] Check Pods Manifest.lock";
			outputPaths = (
				"$(DERIVED_FILE_DIR)/Pods-FallenCherryBlossomUITests-checkManifestLockResult.txt",
			);
			runOnlyForDeploymentPostprocessing = 0;
			shellPath = /bin/sh;
			shellScript = "diff \"${PODS_PODFILE_DIR_PATH}/Podfile.lock\" \"${PODS_ROOT}/Manifest.lock\" > /dev/null\nif [ $? != 0 ] ; then\n    # print error to STDERR\n    echo \"error: The sandbox is not in sync with the Podfile.lock. Run 'pod install' or update your CocoaPods installation.\" >&2\n    exit 1\nfi\n";
			showEnvVarsInLog = 0;
		};
		38CE411D52AC51C07D8CCDB3 /* [CP] Embed Pods Frameworks */ = {
			isa = PBXShellScriptBuildPhase;
			buildActionMask = 2147483647;
			files = (
			);
			inputPaths = (
			);
			name = "[CP] Embed Pods Frameworks";
			outputPaths = (
			);
			runOnlyForDeploymentPostprocessing = 0;
			shellPath = /bin/sh;
			shellScript = "\"${SRCROOT}/Pods/Target Support Files/Pods-FallenCherryBlossomTests/Pods-FallenCherryBlossomTests-frameworks.sh\"\n";
			showEnvVarsInLog = 0;
		};
		981DE75CAC5282CE00535226 /* [CP] Check Pods Manifest.lock */ = {
			isa = PBXShellScriptBuildPhase;
			buildActionMask = 2147483647;
			files = (
			);
			inputPaths = (
				"${PODS_PODFILE_DIR_PATH}/Podfile.lock",
				"${PODS_ROOT}/Manifest.lock",
			);
			name = "[CP] Check Pods Manifest.lock";
			outputPaths = (
				"$(DERIVED_FILE_DIR)/Pods-FallenCherryBlossomTests-checkManifestLockResult.txt",
			);
			runOnlyForDeploymentPostprocessing = 0;
			shellPath = /bin/sh;
			shellScript = "diff \"${PODS_PODFILE_DIR_PATH}/Podfile.lock\" \"${PODS_ROOT}/Manifest.lock\" > /dev/null\nif [ $? != 0 ] ; then\n    # print error to STDERR\n    echo \"error: The sandbox is not in sync with the Podfile.lock. Run 'pod install' or update your CocoaPods installation.\" >&2\n    exit 1\nfi\n";
			showEnvVarsInLog = 0;
		};
		9B6E817D935A37F2F2F489B3 /* [CP] Copy Pods Resources */ = {
			isa = PBXShellScriptBuildPhase;
			buildActionMask = 2147483647;
			files = (
			);
			inputPaths = (
			);
			name = "[CP] Copy Pods Resources";
			outputPaths = (
			);
			runOnlyForDeploymentPostprocessing = 0;
			shellPath = /bin/sh;
			shellScript = "\"${SRCROOT}/Pods/Target Support Files/Pods-FallenCherryBlossom/Pods-FallenCherryBlossom-resources.sh\"\n";
			showEnvVarsInLog = 0;
		};
		A3F4A9C49B845E7386D3D8BB /* [CP] Check Pods Manifest.lock */ = {
			isa = PBXShellScriptBuildPhase;
			buildActionMask = 2147483647;
			files = (
			);
			inputPaths = (
				"${PODS_PODFILE_DIR_PATH}/Podfile.lock",
				"${PODS_ROOT}/Manifest.lock",
			);
			name = "[CP] Check Pods Manifest.lock";
			outputPaths = (
				"$(DERIVED_FILE_DIR)/Pods-FallenCherryBlossom-checkManifestLockResult.txt",
			);
			runOnlyForDeploymentPostprocessing = 0;
			shellPath = /bin/sh;
			shellScript = "diff \"${PODS_PODFILE_DIR_PATH}/Podfile.lock\" \"${PODS_ROOT}/Manifest.lock\" > /dev/null\nif [ $? != 0 ] ; then\n    # print error to STDERR\n    echo \"error: The sandbox is not in sync with the Podfile.lock. Run 'pod install' or update your CocoaPods installation.\" >&2\n    exit 1\nfi\n";
			showEnvVarsInLog = 0;
		};
		B0D70BD644C87616173590E3 /* [CP] Copy Pods Resources */ = {
			isa = PBXShellScriptBuildPhase;
			buildActionMask = 2147483647;
			files = (
			);
			inputPaths = (
			);
			name = "[CP] Copy Pods Resources";
			outputPaths = (
			);
			runOnlyForDeploymentPostprocessing = 0;
			shellPath = /bin/sh;
			shellScript = "\"${SRCROOT}/Pods/Target Support Files/Pods-FallenCherryBlossomTests/Pods-FallenCherryBlossomTests-resources.sh\"\n";
			showEnvVarsInLog = 0;
		};
		ED253E345500A7E758FD48E3 /* [CP] Embed Pods Frameworks */ = {
			isa = PBXShellScriptBuildPhase;
			buildActionMask = 2147483647;
			files = (
			);
			inputPaths = (
			);
			name = "[CP] Embed Pods Frameworks";
			outputPaths = (
			);
			runOnlyForDeploymentPostprocessing = 0;
			shellPath = /bin/sh;
			shellScript = "\"${SRCROOT}/Pods/Target Support Files/Pods-FallenCherryBlossomUITests/Pods-FallenCherryBlossomUITests-frameworks.sh\"\n";
			showEnvVarsInLog = 0;
		};
/* End PBXShellScriptBuildPhase section */

/* Begin PBXSourcesBuildPhase section */
		6A894F1F1FE2E55800707521 /* Sources */ = {
			isa = PBXSourcesBuildPhase;
			buildActionMask = 2147483647;
			files = (
				6A894F551FE2E5D100707521 /* MainListViewController.swift in Sources */,
				16F4A3C51FE36CA300697A9F /* Enum.swift in Sources */,
				16F4A3BD1FE35F1100697A9F /* R.generated.swift in Sources */,
				16F4A3C31FE36C8A00697A9F /* CardStruct.swift in Sources */,
				16B564FC1FE8A78500195C6B /* CardSearchViewController.swift in Sources */,
				16F4A3BA1FE35B3A00697A9F /* CharaNameCell.swift in Sources */,
				16F4A3C81FE36FAC00697A9F /* CardListViewController.swift in Sources */,
				6A894F271FE2E55800707521 /* AppDelegate.swift in Sources */,
				16F4A3CA1FE3935E00697A9F /* CardImageViewController.swift in Sources */,
				16F4A3BF1FE36AAC00697A9F /* CardCell.swift in Sources */,
			);
			runOnlyForDeploymentPostprocessing = 0;
		};
		6A894F331FE2E55800707521 /* Sources */ = {
			isa = PBXSourcesBuildPhase;
			buildActionMask = 2147483647;
			files = (
				6A894F3C1FE2E55800707521 /* FallenCherryBlossomTests.swift in Sources */,
			);
			runOnlyForDeploymentPostprocessing = 0;
		};
		6A894F3E1FE2E55800707521 /* Sources */ = {
			isa = PBXSourcesBuildPhase;
			buildActionMask = 2147483647;
			files = (
				6A894F471FE2E55800707521 /* FallenCherryBlossomUITests.swift in Sources */,
			);
			runOnlyForDeploymentPostprocessing = 0;
		};
/* End PBXSourcesBuildPhase section */

/* Begin PBXTargetDependency section */
		6A894F391FE2E55800707521 /* PBXTargetDependency */ = {
			isa = PBXTargetDependency;
			target = 6A894F221FE2E55800707521 /* FallenCherryBlossom */;
			targetProxy = 6A894F381FE2E55800707521 /* PBXContainerItemProxy */;
		};
		6A894F441FE2E55800707521 /* PBXTargetDependency */ = {
			isa = PBXTargetDependency;
			target = 6A894F221FE2E55800707521 /* FallenCherryBlossom */;
			targetProxy = 6A894F431FE2E55800707521 /* PBXContainerItemProxy */;
		};
/* End PBXTargetDependency section */

/* Begin PBXVariantGroup section */
		6A894F2A1FE2E55800707521 /* Main.storyboard */ = {
			isa = PBXVariantGroup;
			children = (
				6A894F2B1FE2E55800707521 /* Base */,
			);
			name = Main.storyboard;
			sourceTree = "<group>";
		};
		6A894F2F1FE2E55800707521 /* LaunchScreen.storyboard */ = {
			isa = PBXVariantGroup;
			children = (
				6A894F301FE2E55800707521 /* Base */,
			);
			name = LaunchScreen.storyboard;
			sourceTree = "<group>";
		};
/* End PBXVariantGroup section */

/* Begin XCBuildConfiguration section */
		6A894F491FE2E55800707521 /* Debug */ = {
			isa = XCBuildConfiguration;
			buildSettings = {
				ALWAYS_SEARCH_USER_PATHS = NO;
				CLANG_ANALYZER_NONNULL = YES;
				CLANG_ANALYZER_NUMBER_OBJECT_CONVERSION = YES_AGGRESSIVE;
				CLANG_CXX_LANGUAGE_STANDARD = "gnu++14";
				CLANG_CXX_LIBRARY = "libc++";
				CLANG_ENABLE_MODULES = YES;
				CLANG_ENABLE_OBJC_ARC = YES;
				CLANG_WARN_BLOCK_CAPTURE_AUTORELEASING = YES;
				CLANG_WARN_BOOL_CONVERSION = YES;
				CLANG_WARN_COMMA = YES;
				CLANG_WARN_CONSTANT_CONVERSION = YES;
				CLANG_WARN_DIRECT_OBJC_ISA_USAGE = YES_ERROR;
				CLANG_WARN_DOCUMENTATION_COMMENTS = YES;
				CLANG_WARN_EMPTY_BODY = YES;
				CLANG_WARN_ENUM_CONVERSION = YES;
				CLANG_WARN_INFINITE_RECURSION = YES;
				CLANG_WARN_INT_CONVERSION = YES;
				CLANG_WARN_NON_LITERAL_NULL_CONVERSION = YES;
				CLANG_WARN_OBJC_LITERAL_CONVERSION = YES;
				CLANG_WARN_OBJC_ROOT_CLASS = YES_ERROR;
				CLANG_WARN_RANGE_LOOP_ANALYSIS = YES;
				CLANG_WARN_STRICT_PROTOTYPES = YES;
				CLANG_WARN_SUSPICIOUS_MOVE = YES;
				CLANG_WARN_UNGUARDED_AVAILABILITY = YES_AGGRESSIVE;
				CLANG_WARN_UNREACHABLE_CODE = YES;
				CLANG_WARN__DUPLICATE_METHOD_MATCH = YES;
				CODE_SIGN_IDENTITY = "iPhone Developer";
				COPY_PHASE_STRIP = NO;
				DEBUG_INFORMATION_FORMAT = dwarf;
				ENABLE_STRICT_OBJC_MSGSEND = YES;
				ENABLE_TESTABILITY = YES;
				GCC_C_LANGUAGE_STANDARD = gnu11;
				GCC_DYNAMIC_NO_PIC = NO;
				GCC_NO_COMMON_BLOCKS = YES;
				GCC_OPTIMIZATION_LEVEL = 0;
				GCC_PREPROCESSOR_DEFINITIONS = (
					"DEBUG=1",
					"$(inherited)",
				);
				GCC_WARN_64_TO_32_BIT_CONVERSION = YES;
				GCC_WARN_ABOUT_RETURN_TYPE = YES_ERROR;
				GCC_WARN_UNDECLARED_SELECTOR = YES;
				GCC_WARN_UNINITIALIZED_AUTOS = YES_AGGRESSIVE;
				GCC_WARN_UNUSED_FUNCTION = YES;
				GCC_WARN_UNUSED_VARIABLE = YES;
				IPHONEOS_DEPLOYMENT_TARGET = 11.2;
				MTL_ENABLE_DEBUG_INFO = YES;
				ONLY_ACTIVE_ARCH = YES;
				SDKROOT = iphoneos;
				SWIFT_ACTIVE_COMPILATION_CONDITIONS = DEBUG;
				SWIFT_OPTIMIZATION_LEVEL = "-Onone";
			};
			name = Debug;
		};
		6A894F4A1FE2E55800707521 /* Release */ = {
			isa = XCBuildConfiguration;
			buildSettings = {
				ALWAYS_SEARCH_USER_PATHS = NO;
				CLANG_ANALYZER_NONNULL = YES;
				CLANG_ANALYZER_NUMBER_OBJECT_CONVERSION = YES_AGGRESSIVE;
				CLANG_CXX_LANGUAGE_STANDARD = "gnu++14";
				CLANG_CXX_LIBRARY = "libc++";
				CLANG_ENABLE_MODULES = YES;
				CLANG_ENABLE_OBJC_ARC = YES;
				CLANG_WARN_BLOCK_CAPTURE_AUTORELEASING = YES;
				CLANG_WARN_BOOL_CONVERSION = YES;
				CLANG_WARN_COMMA = YES;
				CLANG_WARN_CONSTANT_CONVERSION = YES;
				CLANG_WARN_DIRECT_OBJC_ISA_USAGE = YES_ERROR;
				CLANG_WARN_DOCUMENTATION_COMMENTS = YES;
				CLANG_WARN_EMPTY_BODY = YES;
				CLANG_WARN_ENUM_CONVERSION = YES;
				CLANG_WARN_INFINITE_RECURSION = YES;
				CLANG_WARN_INT_CONVERSION = YES;
				CLANG_WARN_NON_LITERAL_NULL_CONVERSION = YES;
				CLANG_WARN_OBJC_LITERAL_CONVERSION = YES;
				CLANG_WARN_OBJC_ROOT_CLASS = YES_ERROR;
				CLANG_WARN_RANGE_LOOP_ANALYSIS = YES;
				CLANG_WARN_STRICT_PROTOTYPES = YES;
				CLANG_WARN_SUSPICIOUS_MOVE = YES;
				CLANG_WARN_UNGUARDED_AVAILABILITY = YES_AGGRESSIVE;
				CLANG_WARN_UNREACHABLE_CODE = YES;
				CLANG_WARN__DUPLICATE_METHOD_MATCH = YES;
				CODE_SIGN_IDENTITY = "iPhone Developer";
				COPY_PHASE_STRIP = NO;
				DEBUG_INFORMATION_FORMAT = "dwarf-with-dsym";
				ENABLE_NS_ASSERTIONS = NO;
				ENABLE_STRICT_OBJC_MSGSEND = YES;
				GCC_C_LANGUAGE_STANDARD = gnu11;
				GCC_NO_COMMON_BLOCKS = YES;
				GCC_WARN_64_TO_32_BIT_CONVERSION = YES;
				GCC_WARN_ABOUT_RETURN_TYPE = YES_ERROR;
				GCC_WARN_UNDECLARED_SELECTOR = YES;
				GCC_WARN_UNINITIALIZED_AUTOS = YES_AGGRESSIVE;
				GCC_WARN_UNUSED_FUNCTION = YES;
				GCC_WARN_UNUSED_VARIABLE = YES;
				IPHONEOS_DEPLOYMENT_TARGET = 11.2;
				MTL_ENABLE_DEBUG_INFO = NO;
				SDKROOT = iphoneos;
				SWIFT_OPTIMIZATION_LEVEL = "-Owholemodule";
				VALIDATE_PRODUCT = YES;
			};
			name = Release;
		};
		6A894F4C1FE2E55800707521 /* Debug */ = {
			isa = XCBuildConfiguration;
			baseConfigurationReference = FCE3AA87AF8E9911AEEA694A /* Pods-FallenCherryBlossom.debug.xcconfig */;
			buildSettings = {
				ASSETCATALOG_COMPILER_APPICON_NAME = AppIcon;
				CODE_SIGN_STYLE = Automatic;
				DEVELOPMENT_TEAM = EEXM95Q4RF;
				INFOPLIST_FILE = FallenCherryBlossom/Info.plist;
				LD_RUNPATH_SEARCH_PATHS = "$(inherited) @executable_path/Frameworks";
				PRODUCT_BUNDLE_IDENTIFIER = com.HageRabbit.FallenCherryBlossom;
				PRODUCT_NAME = "$(TARGET_NAME)";
				SWIFT_VERSION = 4.0;
				TARGETED_DEVICE_FAMILY = "1,2";
			};
			name = Debug;
		};
		6A894F4D1FE2E55800707521 /* Release */ = {
			isa = XCBuildConfiguration;
			baseConfigurationReference = 5BB1DF479499F651C48B90E6 /* Pods-FallenCherryBlossom.release.xcconfig */;
			buildSettings = {
				ASSETCATALOG_COMPILER_APPICON_NAME = AppIcon;
				CODE_SIGN_STYLE = Automatic;
				DEVELOPMENT_TEAM = EEXM95Q4RF;
				INFOPLIST_FILE = FallenCherryBlossom/Info.plist;
				LD_RUNPATH_SEARCH_PATHS = "$(inherited) @executable_path/Frameworks";
				PRODUCT_BUNDLE_IDENTIFIER = com.HageRabbit.FallenCherryBlossom;
				PRODUCT_NAME = "$(TARGET_NAME)";
				SWIFT_VERSION = 4.0;
				TARGETED_DEVICE_FAMILY = "1,2";
			};
			name = Release;
		};
		6A894F4F1FE2E55800707521 /* Debug */ = {
			isa = XCBuildConfiguration;
			baseConfigurationReference = 41CCB808B8D786269EAF71EC /* Pods-FallenCherryBlossomTests.debug.xcconfig */;
			buildSettings = {
				ALWAYS_EMBED_SWIFT_STANDARD_LIBRARIES = YES;
				BUNDLE_LOADER = "$(TEST_HOST)";
				CODE_SIGN_STYLE = Automatic;
				DEVELOPMENT_TEAM = EEXM95Q4RF;
				INFOPLIST_FILE = FallenCherryBlossomTests/Info.plist;
				LD_RUNPATH_SEARCH_PATHS = "$(inherited) @executable_path/Frameworks @loader_path/Frameworks";
				PRODUCT_BUNDLE_IDENTIFIER = TenguOhSoftware.FallenCherryBlossomTests;
				PRODUCT_NAME = "$(TARGET_NAME)";
				SWIFT_VERSION = 4.0;
				TARGETED_DEVICE_FAMILY = "1,2";
				TEST_HOST = "$(BUILT_PRODUCTS_DIR)/FallenCherryBlossom.app/FallenCherryBlossom";
			};
			name = Debug;
		};
		6A894F501FE2E55800707521 /* Release */ = {
			isa = XCBuildConfiguration;
			baseConfigurationReference = F26C3C7737929DF366D6912F /* Pods-FallenCherryBlossomTests.release.xcconfig */;
			buildSettings = {
				ALWAYS_EMBED_SWIFT_STANDARD_LIBRARIES = YES;
				BUNDLE_LOADER = "$(TEST_HOST)";
				CODE_SIGN_STYLE = Automatic;
				DEVELOPMENT_TEAM = EEXM95Q4RF;
				INFOPLIST_FILE = FallenCherryBlossomTests/Info.plist;
				LD_RUNPATH_SEARCH_PATHS = "$(inherited) @executable_path/Frameworks @loader_path/Frameworks";
				PRODUCT_BUNDLE_IDENTIFIER = TenguOhSoftware.FallenCherryBlossomTests;
				PRODUCT_NAME = "$(TARGET_NAME)";
				SWIFT_VERSION = 4.0;
				TARGETED_DEVICE_FAMILY = "1,2";
				TEST_HOST = "$(BUILT_PRODUCTS_DIR)/FallenCherryBlossom.app/FallenCherryBlossom";
			};
			name = Release;
		};
		6A894F521FE2E55800707521 /* Debug */ = {
			isa = XCBuildConfiguration;
			baseConfigurationReference = 493D226735BFB75F7325E397 /* Pods-FallenCherryBlossomUITests.debug.xcconfig */;
			buildSettings = {
				ALWAYS_EMBED_SWIFT_STANDARD_LIBRARIES = YES;
				CODE_SIGN_STYLE = Automatic;
				DEVELOPMENT_TEAM = EEXM95Q4RF;
				INFOPLIST_FILE = FallenCherryBlossomUITests/Info.plist;
				LD_RUNPATH_SEARCH_PATHS = "$(inherited) @executable_path/Frameworks @loader_path/Frameworks";
				PRODUCT_BUNDLE_IDENTIFIER = TenguOhSoftware.FallenCherryBlossomUITests;
				PRODUCT_NAME = "$(TARGET_NAME)";
				SWIFT_VERSION = 4.0;
				TARGETED_DEVICE_FAMILY = "1,2";
				TEST_TARGET_NAME = FallenCherryBlossom;
			};
			name = Debug;
		};
		6A894F531FE2E55800707521 /* Release */ = {
			isa = XCBuildConfiguration;
			baseConfigurationReference = 849F1C1F3097959AE1A7164D /* Pods-FallenCherryBlossomUITests.release.xcconfig */;
			buildSettings = {
				ALWAYS_EMBED_SWIFT_STANDARD_LIBRARIES = YES;
				CODE_SIGN_STYLE = Automatic;
				DEVELOPMENT_TEAM = EEXM95Q4RF;
				INFOPLIST_FILE = FallenCherryBlossomUITests/Info.plist;
				LD_RUNPATH_SEARCH_PATHS = "$(inherited) @executable_path/Frameworks @loader_path/Frameworks";
				PRODUCT_BUNDLE_IDENTIFIER = TenguOhSoftware.FallenCherryBlossomUITests;
				PRODUCT_NAME = "$(TARGET_NAME)";
				SWIFT_VERSION = 4.0;
				TARGETED_DEVICE_FAMILY = "1,2";
				TEST_TARGET_NAME = FallenCherryBlossom;
			};
			name = Release;
		};
/* End XCBuildConfiguration section */

/* Begin XCConfigurationList section */
		6A894F1E1FE2E55800707521 /* Build configuration list for PBXProject "FallenCherryBlossom" */ = {
			isa = XCConfigurationList;
			buildConfigurations = (
				6A894F491FE2E55800707521 /* Debug */,
				6A894F4A1FE2E55800707521 /* Release */,
			);
			defaultConfigurationIsVisible = 0;
			defaultConfigurationName = Release;
		};
		6A894F4B1FE2E55800707521 /* Build configuration list for PBXNativeTarget "FallenCherryBlossom" */ = {
			isa = XCConfigurationList;
			buildConfigurations = (
				6A894F4C1FE2E55800707521 /* Debug */,
				6A894F4D1FE2E55800707521 /* Release */,
			);
			defaultConfigurationIsVisible = 0;
			defaultConfigurationName = Release;
		};
		6A894F4E1FE2E55800707521 /* Build configuration list for PBXNativeTarget "FallenCherryBlossomTests" */ = {
			isa = XCConfigurationList;
			buildConfigurations = (
				6A894F4F1FE2E55800707521 /* Debug */,
				6A894F501FE2E55800707521 /* Release */,
			);
			defaultConfigurationIsVisible = 0;
			defaultConfigurationName = Release;
		};
		6A894F511FE2E55800707521 /* Build configuration list for PBXNativeTarget "FallenCherryBlossomUITests" */ = {
			isa = XCConfigurationList;
			buildConfigurations = (
				6A894F521FE2E55800707521 /* Debug */,
				6A894F531FE2E55800707521 /* Release */,
			);
			defaultConfigurationIsVisible = 0;
			defaultConfigurationName = Release;
		};
/* End XCConfigurationList section */
	};
	rootObject = 6A894F1B1FE2E55800707521 /* Project object */;
}
